PODS:
  - JTAppleCalendar (7.1.5)
  - Toaster (2.1.1)

DEPENDENCIES:
  - JTAppleCalendar (~> 7.0)
  - Toaster

SPEC CHECKSUMS:
  JTAppleCalendar: 2d4f974f9f3c8b4964d51ca1f6e004883c031fbe
  Toaster: a6c9532de1ded8105e77376f7dffeb2e12b46dbb

PODFILE CHECKSUM: 765d926198f34dbbbf187dbb04ecaedc5f006108

COCOAPODS: 1.4.0
